// !$*UTF8*$!
{
	archiveVersion = 1;
	classes = {
	};
	objectVersion = 50;
	objects = {

/* Begin PBXBuildFile section */
		C244D2E424799F8400A92D90 /* AppDelegate.swift in Sources */ = {isa = PBXBuildFile; fileRef = C244D2E324799F8400A92D90 /* AppDelegate.swift */; };
		C244D2E624799F8400A92D90 /* SceneDelegate.swift in Sources */ = {isa = PBXBuildFile; fileRef = C244D2E524799F8400A92D90 /* SceneDelegate.swift */; };
		C244D2E824799F8400A92D90 /* ContentView.swift in Sources */ = {isa = PBXBuildFile; fileRef = C244D2E724799F8400A92D90 /* ContentView.swift */; };
		C244D2EA24799F8A00A92D90 /* Assets.xcassets in Resources */ = {isa = PBXBuildFile; fileRef = C244D2E924799F8A00A92D90 /* Assets.xcassets */; };
		C244D2ED24799F8A00A92D90 /* Preview Assets.xcassets in Resources */ = {isa = PBXBuildFile; fileRef = C244D2EC24799F8A00A92D90 /* Preview Assets.xcassets */; };
		C244D2F024799F8B00A92D90 /* LaunchScreen.storyboard in Resources */ = {isa = PBXBuildFile; fileRef = C244D2EE24799F8B00A92D90 /* LaunchScreen.storyboard */; };
		C244D2F82479A1E800A92D90 /* Wine.swift in Sources */ = {isa = PBXBuildFile; fileRef = C244D2F72479A1E800A92D90 /* Wine.swift */; };
		C244D2FA247BF02F00A92D90 /* Wine.WineType.swift in Sources */ = {isa = PBXBuildFile; fileRef = C244D2F9247BF02E00A92D90 /* Wine.WineType.swift */; };
		C244D2FC247BF28400A92D90 /* WineList.swift in Sources */ = {isa = PBXBuildFile; fileRef = C244D2FB247BF28400A92D90 /* WineList.swift */; };
		C244D2FE247BF36500A92D90 /* WineList.GroupedWines.swift in Sources */ = {isa = PBXBuildFile; fileRef = C244D2FD247BF36500A92D90 /* WineList.GroupedWines.swift */; };
		C244D300247C0B7D00A92D90 /* SectionView.swift in Sources */ = {isa = PBXBuildFile; fileRef = C244D2FF247C0B7D00A92D90 /* SectionView.swift */; };
		C244D302247C0D9100A92D90 /* RowView.swift in Sources */ = {isa = PBXBuildFile; fileRef = C244D301247C0D9100A92D90 /* RowView.swift */; };
		C244D304247C19B500A92D90 /* WineDetailsView.swift in Sources */ = {isa = PBXBuildFile; fileRef = C244D303247C19B500A92D90 /* WineDetailsView.swift */; };
		C244D306247C8BCC00A92D90 /* PriceView.swift in Sources */ = {isa = PBXBuildFile; fileRef = C244D305247C8BCC00A92D90 /* PriceView.swift */; };
		C2E892F0247D571800105078 /* EditWineView.swift in Sources */ = {isa = PBXBuildFile; fileRef = C2E892EF247D571800105078 /* EditWineView.swift */; };
		C2E892F2247D572200105078 /* NewWineView.swift in Sources */ = {isa = PBXBuildFile; fileRef = C2E892F1247D572200105078 /* NewWineView.swift */; };
		C2E892F6247D9E2500105078 /* FileManager-Extension.swift in Sources */ = {isa = PBXBuildFile; fileRef = C2E892F5247D9E2500105078 /* FileManager-Extension.swift */; };
		C2E892FB247DA80A00105078 /* ForEach-Extension.swift in Sources */ = {isa = PBXBuildFile; fileRef = C2E892F8247DA80900105078 /* ForEach-Extension.swift */; };
		C2E892FC247DA80A00105078 /* Binding-Extension.swift in Sources */ = {isa = PBXBuildFile; fileRef = C2E892F9247DA80900105078 /* Binding-Extension.swift */; };
		C2E892FD247DA80A00105078 /* IndexedCollection-Extension.swift in Sources */ = {isa = PBXBuildFile; fileRef = C2E892FA247DA80900105078 /* IndexedCollection-Extension.swift */; };
		C2E892FF247EE36200105078 /* ImagePicker.swift in Sources */ = {isa = PBXBuildFile; fileRef = C2E892FE247EE36200105078 /* ImagePicker.swift */; };
		C2E8932D24802FB400105078 /* WineImageView.swift in Sources */ = {isa = PBXBuildFile; fileRef = C2E8932C24802FB400105078 /* WineImageView.swift */; };
		C2E8932F24802FFF00105078 /* ImageSaver.swift in Sources */ = {isa = PBXBuildFile; fileRef = C2E8932E24802FFF00105078 /* ImageSaver.swift */; };
		C2E8933124819E0000105078 /* Publishers-Extension.swift in Sources */ = {isa = PBXBuildFile; fileRef = C2E8933024819E0000105078 /* Publishers-Extension.swift */; };
		C2E8933324819E5D00105078 /* Notification-Extension.swift in Sources */ = {isa = PBXBuildFile; fileRef = C2E8933224819E5D00105078 /* Notification-Extension.swift */; };
		C2E893372486877100105078 /* KeyboardAdaptive.swift in Sources */ = {isa = PBXBuildFile; fileRef = C2E893362486877100105078 /* KeyboardAdaptive.swift */; };
/* End PBXBuildFile section */

/* Begin PBXFileReference section */
		C244D2E024799F8400A92D90 /* Wine Time!.app */ = {isa = PBXFileReference; explicitFileType = wrapper.application; includeInIndex = 0; path = "Wine Time!.app"; sourceTree = BUILT_PRODUCTS_DIR; };
		C244D2E324799F8400A92D90 /* AppDelegate.swift */ = {isa = PBXFileReference; lastKnownFileType = sourcecode.swift; path = AppDelegate.swift; sourceTree = "<group>"; };
		C244D2E524799F8400A92D90 /* SceneDelegate.swift */ = {isa = PBXFileReference; lastKnownFileType = sourcecode.swift; path = SceneDelegate.swift; sourceTree = "<group>"; };
		C244D2E724799F8400A92D90 /* ContentView.swift */ = {isa = PBXFileReference; lastKnownFileType = sourcecode.swift; path = ContentView.swift; sourceTree = "<group>"; };
		C244D2E924799F8A00A92D90 /* Assets.xcassets */ = {isa = PBXFileReference; lastKnownFileType = folder.assetcatalog; path = Assets.xcassets; sourceTree = "<group>"; };
		C244D2EC24799F8A00A92D90 /* Preview Assets.xcassets */ = {isa = PBXFileReference; lastKnownFileType = folder.assetcatalog; path = "Preview Assets.xcassets"; sourceTree = "<group>"; };
		C244D2EF24799F8B00A92D90 /* Base */ = {isa = PBXFileReference; lastKnownFileType = file.storyboard; name = Base; path = Base.lproj/LaunchScreen.storyboard; sourceTree = "<group>"; };
		C244D2F124799F8B00A92D90 /* Info.plist */ = {isa = PBXFileReference; lastKnownFileType = text.plist.xml; path = Info.plist; sourceTree = "<group>"; };
		C244D2F72479A1E800A92D90 /* Wine.swift */ = {isa = PBXFileReference; lastKnownFileType = sourcecode.swift; path = Wine.swift; sourceTree = "<group>"; };
		C244D2F9247BF02E00A92D90 /* Wine.WineType.swift */ = {isa = PBXFileReference; lastKnownFileType = sourcecode.swift; path = Wine.WineType.swift; sourceTree = "<group>"; };
		C244D2FB247BF28400A92D90 /* WineList.swift */ = {isa = PBXFileReference; lastKnownFileType = sourcecode.swift; path = WineList.swift; sourceTree = "<group>"; };
		C244D2FD247BF36500A92D90 /* WineList.GroupedWines.swift */ = {isa = PBXFileReference; lastKnownFileType = sourcecode.swift; path = WineList.GroupedWines.swift; sourceTree = "<group>"; };
		C244D2FF247C0B7D00A92D90 /* SectionView.swift */ = {isa = PBXFileReference; lastKnownFileType = sourcecode.swift; path = SectionView.swift; sourceTree = "<group>"; };
		C244D301247C0D9100A92D90 /* RowView.swift */ = {isa = PBXFileReference; lastKnownFileType = sourcecode.swift; path = RowView.swift; sourceTree = "<group>"; };
		C244D303247C19B500A92D90 /* WineDetailsView.swift */ = {isa = PBXFileReference; lastKnownFileType = sourcecode.swift; path = WineDetailsView.swift; sourceTree = "<group>"; };
		C244D305247C8BCC00A92D90 /* PriceView.swift */ = {isa = PBXFileReference; lastKnownFileType = sourcecode.swift; path = PriceView.swift; sourceTree = "<group>"; };
		C2E892EF247D571800105078 /* EditWineView.swift */ = {isa = PBXFileReference; lastKnownFileType = sourcecode.swift; path = EditWineView.swift; sourceTree = "<group>"; };
		C2E892F1247D572200105078 /* NewWineView.swift */ = {isa = PBXFileReference; lastKnownFileType = sourcecode.swift; path = NewWineView.swift; sourceTree = "<group>"; };
		C2E892F5247D9E2500105078 /* FileManager-Extension.swift */ = {isa = PBXFileReference; lastKnownFileType = sourcecode.swift; path = "FileManager-Extension.swift"; sourceTree = "<group>"; };
		C2E892F8247DA80900105078 /* ForEach-Extension.swift */ = {isa = PBXFileReference; fileEncoding = 4; lastKnownFileType = sourcecode.swift; path = "ForEach-Extension.swift"; sourceTree = "<group>"; };
		C2E892F9247DA80900105078 /* Binding-Extension.swift */ = {isa = PBXFileReference; fileEncoding = 4; lastKnownFileType = sourcecode.swift; path = "Binding-Extension.swift"; sourceTree = "<group>"; };
		C2E892FA247DA80900105078 /* IndexedCollection-Extension.swift */ = {isa = PBXFileReference; fileEncoding = 4; lastKnownFileType = sourcecode.swift; path = "IndexedCollection-Extension.swift"; sourceTree = "<group>"; };
		C2E892FE247EE36200105078 /* ImagePicker.swift */ = {isa = PBXFileReference; lastKnownFileType = sourcecode.swift; path = ImagePicker.swift; sourceTree = "<group>"; };
		C2E8932C24802FB400105078 /* WineImageView.swift */ = {isa = PBXFileReference; lastKnownFileType = sourcecode.swift; path = WineImageView.swift; sourceTree = "<group>"; };
		C2E8932E24802FFF00105078 /* ImageSaver.swift */ = {isa = PBXFileReference; lastKnownFileType = sourcecode.swift; path = ImageSaver.swift; sourceTree = "<group>"; };
		C2E8933024819E0000105078 /* Publishers-Extension.swift */ = {isa = PBXFileReference; lastKnownFileType = sourcecode.swift; path = "Publishers-Extension.swift"; sourceTree = "<group>"; };
		C2E8933224819E5D00105078 /* Notification-Extension.swift */ = {isa = PBXFileReference; lastKnownFileType = sourcecode.swift; path = "Notification-Extension.swift"; sourceTree = "<group>"; };
		C2E893362486877100105078 /* KeyboardAdaptive.swift */ = {isa = PBXFileReference; lastKnownFileType = sourcecode.swift; path = KeyboardAdaptive.swift; sourceTree = "<group>"; };
/* End PBXFileReference section */

/* Begin PBXFrameworksBuildPhase section */
		C244D2DD24799F8400A92D90 /* Frameworks */ = {
			isa = PBXFrameworksBuildPhase;
			buildActionMask = 2147483647;
			files = (
			);
			runOnlyForDeploymentPostprocessing = 0;
		};
/* End PBXFrameworksBuildPhase section */

/* Begin PBXGroup section */
		C244D2D724799F8400A92D90 = {
			isa = PBXGroup;
			children = (
				C2E892F7247DA7E900105078 /* extension */,
				C244D2E224799F8400A92D90 /* WineTime */,
				C244D2E124799F8400A92D90 /* Products */,
			);
			sourceTree = "<group>";
		};
		C244D2E124799F8400A92D90 /* Products */ = {
			isa = PBXGroup;
			children = (
				C244D2E024799F8400A92D90 /* Wine Time!.app */,
			);
			name = Products;
			sourceTree = "<group>";
		};
		C244D2E224799F8400A92D90 /* WineTime */ = {
			isa = PBXGroup;
			children = (
				C244D2E324799F8400A92D90 /* AppDelegate.swift */,
				C244D2E524799F8400A92D90 /* SceneDelegate.swift */,
				C244D2E724799F8400A92D90 /* ContentView.swift */,
				C244D2FF247C0B7D00A92D90 /* SectionView.swift */,
				C244D301247C0D9100A92D90 /* RowView.swift */,
				C244D303247C19B500A92D90 /* WineDetailsView.swift */,
				C2E892EF247D571800105078 /* EditWineView.swift */,
				C2E892F1247D572200105078 /* NewWineView.swift */,
				C2E8932C24802FB400105078 /* WineImageView.swift */,
				C244D305247C8BCC00A92D90 /* PriceView.swift */,
				C2E893362486877100105078 /* KeyboardAdaptive.swift */,
				C2E8932E24802FFF00105078 /* ImageSaver.swift */,
				C2E892FE247EE36200105078 /* ImagePicker.swift */,
				C244D2F72479A1E800A92D90 /* Wine.swift */,
				C244D2F9247BF02E00A92D90 /* Wine.WineType.swift */,
				C244D2FB247BF28400A92D90 /* WineList.swift */,
				C244D2FD247BF36500A92D90 /* WineList.GroupedWines.swift */,
				C244D2E924799F8A00A92D90 /* Assets.xcassets */,
				C244D2EE24799F8B00A92D90 /* LaunchScreen.storyboard */,
				C244D2F124799F8B00A92D90 /* Info.plist */,
				C244D2EB24799F8A00A92D90 /* Preview Content */,
			);
			path = WineTime;
			sourceTree = "<group>";
		};
		C244D2EB24799F8A00A92D90 /* Preview Content */ = {
			isa = PBXGroup;
			children = (
				C244D2EC24799F8A00A92D90 /* Preview Assets.xcassets */,
			);
			path = "Preview Content";
			sourceTree = "<group>";
		};
		C2E892F7247DA7E900105078 /* extension */ = {
			isa = PBXGroup;
			children = (
				C2E892F9247DA80900105078 /* Binding-Extension.swift */,
				C2E892F8247DA80900105078 /* ForEach-Extension.swift */,
				C2E892FA247DA80900105078 /* IndexedCollection-Extension.swift */,
				C2E892F5247D9E2500105078 /* FileManager-Extension.swift */,
				C2E8933024819E0000105078 /* Publishers-Extension.swift */,
				C2E8933224819E5D00105078 /* Notification-Extension.swift */,
			);
			path = extension;
			sourceTree = "<group>";
		};
/* End PBXGroup section */

/* Begin PBXNativeTarget section */
		C244D2DF24799F8400A92D90 /* WineTime */ = {
			isa = PBXNativeTarget;
			buildConfigurationList = C244D2F424799F8B00A92D90 /* Build configuration list for PBXNativeTarget "WineTime" */;
			buildPhases = (
				C244D2DC24799F8400A92D90 /* Sources */,
				C244D2DD24799F8400A92D90 /* Frameworks */,
				C244D2DE24799F8400A92D90 /* Resources */,
			);
			buildRules = (
			);
			dependencies = (
			);
			name = WineTime;
			productName = WineTime;
			productReference = C244D2E024799F8400A92D90 /* Wine Time!.app */;
			productType = "com.apple.product-type.application";
		};
/* End PBXNativeTarget section */

/* Begin PBXProject section */
		C244D2D824799F8400A92D90 /* Project object */ = {
			isa = PBXProject;
			attributes = {
				LastSwiftUpdateCheck = 1140;
				LastUpgradeCheck = 1140;
				ORGANIZATIONNAME = "Vanessa Bergen";
				TargetAttributes = {
					C244D2DF24799F8400A92D90 = {
						CreatedOnToolsVersion = 11.4.1;
					};
				};
			};
			buildConfigurationList = C244D2DB24799F8400A92D90 /* Build configuration list for PBXProject "WineTime" */;
			compatibilityVersion = "Xcode 9.3";
			developmentRegion = en;
			hasScannedForEncodings = 0;
			knownRegions = (
				en,
				Base,
			);
			mainGroup = C244D2D724799F8400A92D90;
			productRefGroup = C244D2E124799F8400A92D90 /* Products */;
			projectDirPath = "";
			projectRoot = "";
			targets = (
				C244D2DF24799F8400A92D90 /* WineTime */,
			);
		};
/* End PBXProject section */

/* Begin PBXResourcesBuildPhase section */
		C244D2DE24799F8400A92D90 /* Resources */ = {
			isa = PBXResourcesBuildPhase;
			buildActionMask = 2147483647;
			files = (
				C244D2F024799F8B00A92D90 /* LaunchScreen.storyboard in Resources */,
				C244D2ED24799F8A00A92D90 /* Preview Assets.xcassets in Resources */,
				C244D2EA24799F8A00A92D90 /* Assets.xcassets in Resources */,
			);
			runOnlyForDeploymentPostprocessing = 0;
		};
/* End PBXResourcesBuildPhase section */

/* Begin PBXSourcesBuildPhase section */
		C244D2DC24799F8400A92D90 /* Sources */ = {
			isa = PBXSourcesBuildPhase;
			buildActionMask = 2147483647;
			files = (
				C2E892F2247D572200105078 /* NewWineView.swift in Sources */,
				C244D2F82479A1E800A92D90 /* Wine.swift in Sources */,
				C2E892F0247D571800105078 /* EditWineView.swift in Sources */,
				C2E892FF247EE36200105078 /* ImagePicker.swift in Sources */,
				C2E892FC247DA80A00105078 /* Binding-Extension.swift in Sources */,
				C2E892FB247DA80A00105078 /* ForEach-Extension.swift in Sources */,
				C244D2FA247BF02F00A92D90 /* Wine.WineType.swift in Sources */,
				C2E8932F24802FFF00105078 /* ImageSaver.swift in Sources */,
				C244D304247C19B500A92D90 /* WineDetailsView.swift in Sources */,
				C244D306247C8BCC00A92D90 /* PriceView.swift in Sources */,
				C244D2FE247BF36500A92D90 /* WineList.GroupedWines.swift in Sources */,
				C244D2E424799F8400A92D90 /* AppDelegate.swift in Sources */,
				C2E892FD247DA80A00105078 /* IndexedCollection-Extension.swift in Sources */,
				C244D302247C0D9100A92D90 /* RowView.swift in Sources */,
				C2E8932D24802FB400105078 /* WineImageView.swift in Sources */,
				C244D300247C0B7D00A92D90 /* SectionView.swift in Sources */,
				C244D2E624799F8400A92D90 /* SceneDelegate.swift in Sources */,
				C2E8933124819E0000105078 /* Publishers-Extension.swift in Sources */,
				C2E893372486877100105078 /* KeyboardAdaptive.swift in Sources */,
				C2E892F6247D9E2500105078 /* FileManager-Extension.swift in Sources */,
				C244D2FC247BF28400A92D90 /* WineList.swift in Sources */,
				C2E8933324819E5D00105078 /* Notification-Extension.swift in Sources */,
				C244D2E824799F8400A92D90 /* ContentView.swift in Sources */,
			);
			runOnlyForDeploymentPostprocessing = 0;
		};
/* End PBXSourcesBuildPhase section */

/* Begin PBXVariantGroup section */
		C244D2EE24799F8B00A92D90 /* LaunchScreen.storyboard */ = {
			isa = PBXVariantGroup;
			children = (
				C244D2EF24799F8B00A92D90 /* Base */,
			);
			name = LaunchScreen.storyboard;
			sourceTree = "<group>";
		};
/* End PBXVariantGroup section */

/* Begin XCBuildConfiguration section */
		C244D2F224799F8B00A92D90 /* Debug */ = {
			isa = XCBuildConfiguration;
			buildSettings = {
				ALWAYS_SEARCH_USER_PATHS = NO;
				CLANG_ANALYZER_NONNULL = YES;
				CLANG_ANALYZER_NUMBER_OBJECT_CONVERSION = YES_AGGRESSIVE;
				CLANG_CXX_LANGUAGE_STANDARD = "gnu++14";
				CLANG_CXX_LIBRARY = "libc++";
				CLANG_ENABLE_MODULES = YES;
				CLANG_ENABLE_OBJC_ARC = YES;
				CLANG_ENABLE_OBJC_WEAK = YES;
				CLANG_WARN_BLOCK_CAPTURE_AUTORELEASING = YES;
				CLANG_WARN_BOOL_CONVERSION = YES;
				CLANG_WARN_COMMA = YES;
				CLANG_WARN_CONSTANT_CONVERSION = YES;
				CLANG_WARN_DEPRECATED_OBJC_IMPLEMENTATIONS = YES;
				CLANG_WARN_DIRECT_OBJC_ISA_USAGE = YES_ERROR;
				CLANG_WARN_DOCUMENTATION_COMMENTS = YES;
				CLANG_WARN_EMPTY_BODY = YES;
				CLANG_WARN_ENUM_CONVERSION = YES;
				CLANG_WARN_INFINITE_RECURSION = YES;
				CLANG_WARN_INT_CONVERSION = YES;
				CLANG_WARN_NON_LITERAL_NULL_CONVERSION = YES;
				CLANG_WARN_OBJC_IMPLICIT_RETAIN_SELF = YES;
				CLANG_WARN_OBJC_LITERAL_CONVERSION = YES;
				CLANG_WARN_OBJC_ROOT_CLASS = YES_ERROR;
				CLANG_WARN_RANGE_LOOP_ANALYSIS = YES;
				CLANG_WARN_STRICT_PROTOTYPES = YES;
				CLANG_WARN_SUSPICIOUS_MOVE = YES;
				CLANG_WARN_UNGUARDED_AVAILABILITY = YES_AGGRESSIVE;
				CLANG_WARN_UNREACHABLE_CODE = YES;
				CLANG_WARN__DUPLICATE_METHOD_MATCH = YES;
				COPY_PHASE_STRIP = NO;
				DEBUG_INFORMATION_FORMAT = dwarf;
				ENABLE_STRICT_OBJC_MSGSEND = YES;
				ENABLE_TESTABILITY = YES;
				GCC_C_LANGUAGE_STANDARD = gnu11;
				GCC_DYNAMIC_NO_PIC = NO;
				GCC_NO_COMMON_BLOCKS = YES;
				GCC_OPTIMIZATION_LEVEL = 0;
				GCC_PREPROCESSOR_DEFINITIONS = (
					"DEBUG=1",
					"$(inherited)",
				);
				GCC_WARN_64_TO_32_BIT_CONVERSION = YES;
				GCC_WARN_ABOUT_RETURN_TYPE = YES_ERROR;
				GCC_WARN_UNDECLARED_SELECTOR = YES;
				GCC_WARN_UNINITIALIZED_AUTOS = YES_AGGRESSIVE;
				GCC_WARN_UNUSED_FUNCTION = YES;
				GCC_WARN_UNUSED_VARIABLE = YES;
				IPHONEOS_DEPLOYMENT_TARGET = 13.4;
				MTL_ENABLE_DEBUG_INFO = INCLUDE_SOURCE;
				MTL_FAST_MATH = YES;
				ONLY_ACTIVE_ARCH = YES;
				SDKROOT = iphoneos;
				SWIFT_ACTIVE_COMPILATION_CONDITIONS = DEBUG;
				SWIFT_OPTIMIZATION_LEVEL = "-Onone";
			};
			name = Debug;
		};
		C244D2F324799F8B00A92D90 /* Release */ = {
			isa = XCBuildConfiguration;
			buildSettings = {
				ALWAYS_SEARCH_USER_PATHS = NO;
				CLANG_ANALYZER_NONNULL = YES;
				CLANG_ANALYZER_NUMBER_OBJECT_CONVERSION = YES_AGGRESSIVE;
				CLANG_CXX_LANGUAGE_STANDARD = "gnu++14";
				CLANG_CXX_LIBRARY = "libc++";
				CLANG_ENABLE_MODULES = YES;
				CLANG_ENABLE_OBJC_ARC = YES;
				CLANG_ENABLE_OBJC_WEAK = YES;
				CLANG_WARN_BLOCK_CAPTURE_AUTORELEASING = YES;
				CLANG_WARN_BOOL_CONVERSION = YES;
				CLANG_WARN_COMMA = YES;
				CLANG_WARN_CONSTANT_CONVERSION = YES;
				CLANG_WARN_DEPRECATED_OBJC_IMPLEMENTATIONS = YES;
				CLANG_WARN_DIRECT_OBJC_ISA_USAGE = YES_ERROR;
				CLANG_WARN_DOCUMENTATION_COMMENTS = YES;
				CLANG_WARN_EMPTY_BODY = YES;
				CLANG_WARN_ENUM_CONVERSION = YES;
				CLANG_WARN_INFINITE_RECURSION = YES;
				CLANG_WARN_INT_CONVERSION = YES;
				CLANG_WARN_NON_LITERAL_NULL_CONVERSION = YES;
				CLANG_WARN_OBJC_IMPLICIT_RETAIN_SELF = YES;
				CLANG_WARN_OBJC_LITERAL_CONVERSION = YES;
				CLANG_WARN_OBJC_ROOT_CLASS = YES_ERROR;
				CLANG_WARN_RANGE_LOOP_ANALYSIS = YES;
				CLANG_WARN_STRICT_PROTOTYPES = YES;
				CLANG_WARN_SUSPICIOUS_MOVE = YES;
				CLANG_WARN_UNGUARDED_AVAILABILITY = YES_AGGRESSIVE;
				CLANG_WARN_UNREACHABLE_CODE = YES;
				CLANG_WARN__DUPLICATE_METHOD_MATCH = YES;
				COPY_PHASE_STRIP = NO;
				DEBUG_INFORMATION_FORMAT = "dwarf-with-dsym";
				ENABLE_NS_ASSERTIONS = NO;
				ENABLE_STRICT_OBJC_MSGSEND = YES;
				GCC_C_LANGUAGE_STANDARD = gnu11;
				GCC_NO_COMMON_BLOCKS = YES;
				GCC_WARN_64_TO_32_BIT_CONVERSION = YES;
				GCC_WARN_ABOUT_RETURN_TYPE = YES_ERROR;
				GCC_WARN_UNDECLARED_SELECTOR = YES;
				GCC_WARN_UNINITIALIZED_AUTOS = YES_AGGRESSIVE;
				GCC_WARN_UNUSED_FUNCTION = YES;
				GCC_WARN_UNUSED_VARIABLE = YES;
				IPHONEOS_DEPLOYMENT_TARGET = 13.4;
				MTL_ENABLE_DEBUG_INFO = NO;
				MTL_FAST_MATH = YES;
				SDKROOT = iphoneos;
				SWIFT_COMPILATION_MODE = wholemodule;
				SWIFT_OPTIMIZATION_LEVEL = "-O";
				VALIDATE_PRODUCT = YES;
			};
			name = Release;
		};
		C244D2F524799F8B00A92D90 /* Debug */ = {
			isa = XCBuildConfiguration;
			buildSettings = {
				ASSETCATALOG_COMPILER_APPICON_NAME = AppIcon;
				CODE_SIGN_STYLE = Automatic;
				DEVELOPMENT_ASSET_PATHS = "\"WineTime/Preview Content\"";
				DEVELOPMENT_TEAM = DC5B64GRS6;
				ENABLE_PREVIEWS = YES;
				INFOPLIST_FILE = WineTime/Info.plist;
				LD_RUNPATH_SEARCH_PATHS = (
					"$(inherited)",
					"@executable_path/Frameworks",
				);
				PRODUCT_BUNDLE_IDENTIFIER = com.vanessa.WineTime;
				PRODUCT_NAME = "Wine Time!";
				SWIFT_VERSION = 5.0;
				TARGETED_DEVICE_FAMILY = "1,2";
			};
			name = Debug;
		};
		C244D2F624799F8B00A92D90 /* Release */ = {
			isa = XCBuildConfiguration;
			buildSettings = {
				ASSETCATALOG_COMPILER_APPICON_NAME = AppIcon;
				CODE_SIGN_STYLE = Automatic;
				DEVELOPMENT_ASSET_PATHS = "\"WineTime/Preview Content\"";
				DEVELOPMENT_TEAM = DC5B64GRS6;
				ENABLE_PREVIEWS = YES;
				INFOPLIST_FILE = WineTime/Info.plist;
				LD_RUNPATH_SEARCH_PATHS = (
					"$(inherited)",
					"@executable_path/Frameworks",
				);
				PRODUCT_BUNDLE_IDENTIFIER = com.vanessa.WineTime;
				PRODUCT_NAME = "Wine Time!";
				SWIFT_VERSION = 5.0;
				TARGETED_DEVICE_FAMILY = "1,2";
			};
			name = Release;
		};
/* End XCBuildConfiguration section */

/* Begin XCConfigurationList section */
		C244D2DB24799F8400A92D90 /* Build configuration list for PBXProject "WineTime" */ = {
			isa = XCConfigurationList;
			buildConfigurations = (
				C244D2F224799F8B00A92D90 /* Debug */,
				C244D2F324799F8B00A92D90 /* Release */,
			);
			defaultConfigurationIsVisible = 0;
			defaultConfigurationName = Release;
		};
		C244D2F424799F8B00A92D90 /* Build configuration list for PBXNativeTarget "WineTime" */ = {
			isa = XCConfigurationList;
			buildConfigurations = (
				C244D2F524799F8B00A92D90 /* Debug */,
				C244D2F624799F8B00A92D90 /* Release */,
			);
			defaultConfigurationIsVisible = 0;
			defaultConfigurationName = Release;
		};
/* End XCConfigurationList section */
	};
	rootObject = C244D2D824799F8400A92D90 /* Project object */;
}
